
Microsoft Visual Studio Solution File, Format Version 12.00
# Visual Studio Version 17
VisualStudioVersion = 17.14.36518.9 d17.14
MinimumVisualStudioVersion = 10.0.40219.1
Project("{FAE04EC0-301F-11D3-BF4B-00C04F79EFBC}") = "10.11.2025", "10.11.2025\10.11.2025.csproj", "{0D826961-1DFC-4248-BDC4-5902763855E9}"
EndProject
Global
	GlobalSection(SolutionConfigurationPlatforms) = preSolution
		Debug|Any CPU = Debug|Any CPU
		Release|Any CPU = Release|Any CPU
	EndGlobalSection
	GlobalSection(ProjectConfigurationPlatforms) = postSolution
		{0D826961-1DFC-4248-BDC4-5902763855E9}.Debug|Any CPU.ActiveCfg = Debug|Any CPU
		{0D826961-1DFC-4248-BDC4-5902763855E9}.Debug|Any CPU.Build.0 = Debug|Any CPU
		{0D826961-1DFC-4248-BDC4-5902763855E9}.Release|Any CPU.ActiveCfg = Release|Any CPU
		{0D826961-1DFC-4248-BDC4-5902763855E9}.Release|Any CPU.Build.0 = Release|Any CPU
	EndGlobalSection
	GlobalSection(SolutionProperties) = preSolution
		HideSolutionNode = FALSE
	EndGlobalSection
	GlobalSection(ExtensibilityGlobals) = postSolution
		SolutionGuid = {3D17BD52-367D-46C9-8F17-59DD8F02824E}
	EndGlobalSection
EndGlobal
