
Microsoft Visual Studio Solution File, Format Version 12.00
# Visual Studio Version 17
VisualStudioVersion = 17.5.33530.505
MinimumVisualStudioVersion = 10.0.40219.1
Project("{FAE04EC0-301F-11D3-BF4B-00C04F79EFBC}") = "Sum Even Numbers", "Sum Even Numbers.csproj", "{1ED9D6A4-FC49-4657-8E62-D1E35873A2F9}"
EndProject
Global
	GlobalSection(SolutionConfigurationPlatforms) = preSolution
		Debug|Any CPU = Debug|Any CPU
		Release|Any CPU = Release|Any CPU
	EndGlobalSection
	GlobalSection(ProjectConfigurationPlatforms) = postSolution
		{1ED9D6A4-FC49-4657-8E62-D1E35873A2F9}.Debug|Any CPU.ActiveCfg = Debug|Any CPU
		{1ED9D6A4-FC49-4657-8E62-D1E35873A2F9}.Debug|Any CPU.Build.0 = Debug|Any CPU
		{1ED9D6A4-FC49-4657-8E62-D1E35873A2F9}.Release|Any CPU.ActiveCfg = Release|Any CPU
		{1ED9D6A4-FC49-4657-8E62-D1E35873A2F9}.Release|Any CPU.Build.0 = Release|Any CPU
	EndGlobalSection
	GlobalSection(SolutionProperties) = preSolution
		HideSolutionNode = FALSE
	EndGlobalSection
	GlobalSection(ExtensibilityGlobals) = postSolution
		SolutionGuid = {E8DA898F-CA22-4B7E-8DB8-A2E00DCBE7E6}
	EndGlobalSection
EndGlobal
