
Microsoft Visual Studio Solution File, Format Version 12.00
# Visual Studio Version 17
VisualStudioVersion = 17.9.34728.123
MinimumVisualStudioVersion = 10.0.40219.1
Project("{FAE04EC0-301F-11D3-BF4B-00C04F79EFBC}") = "The Pianist", "The Pianist.csproj", "{3F9FDA87-E702-4DC3-BF77-C221FFC53CF1}"
EndProject
Global
	GlobalSection(SolutionConfigurationPlatforms) = preSolution
		Debug|Any CPU = Debug|Any CPU
		Release|Any CPU = Release|Any CPU
	EndGlobalSection
	GlobalSection(ProjectConfigurationPlatforms) = postSolution
		{3F9FDA87-E702-4DC3-BF77-C221FFC53CF1}.Debug|Any CPU.ActiveCfg = Debug|Any CPU
		{3F9FDA87-E702-4DC3-BF77-C221FFC53CF1}.Debug|Any CPU.Build.0 = Debug|Any CPU
		{3F9FDA87-E702-4DC3-BF77-C221FFC53CF1}.Release|Any CPU.ActiveCfg = Release|Any CPU
		{3F9FDA87-E702-4DC3-BF77-C221FFC53CF1}.Release|Any CPU.Build.0 = Release|Any CPU
	EndGlobalSection
	GlobalSection(SolutionProperties) = preSolution
		HideSolutionNode = FALSE
	EndGlobalSection
	GlobalSection(ExtensibilityGlobals) = postSolution
		SolutionGuid = {B4CD63B7-9370-45DF-911A-BD2BD61D6CEF}
	EndGlobalSection
EndGlobal
