
Microsoft Visual Studio Solution File, Format Version 12.00
# Visual Studio Version 17
VisualStudioVersion = 17.5.33530.505
MinimumVisualStudioVersion = 10.0.40219.1
Project("{FAE04EC0-301F-11D3-BF4B-00C04F79EFBC}") = "Smallest of Three Numbers", "Smallest of Three Numbers.csproj", "{D06FA414-5319-4B4D-B987-819EE047D6B5}"
EndProject
Global
	GlobalSection(SolutionConfigurationPlatforms) = preSolution
		Debug|Any CPU = Debug|Any CPU
		Release|Any CPU = Release|Any CPU
	EndGlobalSection
	GlobalSection(ProjectConfigurationPlatforms) = postSolution
		{D06FA414-5319-4B4D-B987-819EE047D6B5}.Debug|Any CPU.ActiveCfg = Debug|Any CPU
		{D06FA414-5319-4B4D-B987-819EE047D6B5}.Debug|Any CPU.Build.0 = Debug|Any CPU
		{D06FA414-5319-4B4D-B987-819EE047D6B5}.Release|Any CPU.ActiveCfg = Release|Any CPU
		{D06FA414-5319-4B4D-B987-819EE047D6B5}.Release|Any CPU.Build.0 = Release|Any CPU
	EndGlobalSection
	GlobalSection(SolutionProperties) = preSolution
		HideSolutionNode = FALSE
	EndGlobalSection
	GlobalSection(ExtensibilityGlobals) = postSolution
		SolutionGuid = {5A35B720-FA2F-46A9-8604-9310F4E30762}
	EndGlobalSection
EndGlobal
