
Microsoft Visual Studio Solution File, Format Version 12.00
# Visual Studio Version 17
VisualStudioVersion = 17.5.33530.505
MinimumVisualStudioVersion = 10.0.40219.1
Project("{FAE04EC0-301F-11D3-BF4B-00C04F79EFBC}") = "Match Full Name", "Match Full Name.csproj", "{C57936DD-A621-4D04-A505-24A5B12698A0}"
EndProject
Global
	GlobalSection(SolutionConfigurationPlatforms) = preSolution
		Debug|Any CPU = Debug|Any CPU
		Release|Any CPU = Release|Any CPU
	EndGlobalSection
	GlobalSection(ProjectConfigurationPlatforms) = postSolution
		{C57936DD-A621-4D04-A505-24A5B12698A0}.Debug|Any CPU.ActiveCfg = Debug|Any CPU
		{C57936DD-A621-4D04-A505-24A5B12698A0}.Debug|Any CPU.Build.0 = Debug|Any CPU
		{C57936DD-A621-4D04-A505-24A5B12698A0}.Release|Any CPU.ActiveCfg = Release|Any CPU
		{C57936DD-A621-4D04-A505-24A5B12698A0}.Release|Any CPU.Build.0 = Release|Any CPU
	EndGlobalSection
	GlobalSection(SolutionProperties) = preSolution
		HideSolutionNode = FALSE
	EndGlobalSection
	GlobalSection(ExtensibilityGlobals) = postSolution
		SolutionGuid = {2C523CAE-C369-47EA-B20B-15E2B88BC525}
	EndGlobalSection
EndGlobal
