
Microsoft Visual Studio Solution File, Format Version 12.00
# Visual Studio Version 17
VisualStudioVersion = 17.9.34728.123
MinimumVisualStudioVersion = 10.0.40219.1
Project("{FAE04EC0-301F-11D3-BF4B-00C04F79EFBC}") = "Students", "Students.csproj", "{FFFD28E4-570E-4EC8-B7B8-79E1FC02D7E4}"
EndProject
Global
	GlobalSection(SolutionConfigurationPlatforms) = preSolution
		Debug|Any CPU = Debug|Any CPU
		Release|Any CPU = Release|Any CPU
	EndGlobalSection
	GlobalSection(ProjectConfigurationPlatforms) = postSolution
		{FFFD28E4-570E-4EC8-B7B8-79E1FC02D7E4}.Debug|Any CPU.ActiveCfg = Debug|Any CPU
		{FFFD28E4-570E-4EC8-B7B8-79E1FC02D7E4}.Debug|Any CPU.Build.0 = Debug|Any CPU
		{FFFD28E4-570E-4EC8-B7B8-79E1FC02D7E4}.Release|Any CPU.ActiveCfg = Release|Any CPU
		{FFFD28E4-570E-4EC8-B7B8-79E1FC02D7E4}.Release|Any CPU.Build.0 = Release|Any CPU
	EndGlobalSection
	GlobalSection(SolutionProperties) = preSolution
		HideSolutionNode = FALSE
	EndGlobalSection
	GlobalSection(ExtensibilityGlobals) = postSolution
		SolutionGuid = {B0484DC4-BE72-4E01-9FAD-3754258EEE6F}
	EndGlobalSection
EndGlobal
