
Microsoft Visual Studio Solution File, Format Version 12.00
# Visual Studio Version 17
VisualStudioVersion = 17.9.34728.123
MinimumVisualStudioVersion = 10.0.40219.1
Project("{FAE04EC0-301F-11D3-BF4B-00C04F79EFBC}") = "Advertisement Message", "Advertisement Message.csproj", "{47C0D826-8232-4D36-8456-9EBB7196A5B5}"
EndProject
Global
	GlobalSection(SolutionConfigurationPlatforms) = preSolution
		Debug|Any CPU = Debug|Any CPU
		Release|Any CPU = Release|Any CPU
	EndGlobalSection
	GlobalSection(ProjectConfigurationPlatforms) = postSolution
		{47C0D826-8232-4D36-8456-9EBB7196A5B5}.Debug|Any CPU.ActiveCfg = Debug|Any CPU
		{47C0D826-8232-4D36-8456-9EBB7196A5B5}.Debug|Any CPU.Build.0 = Debug|Any CPU
		{47C0D826-8232-4D36-8456-9EBB7196A5B5}.Release|Any CPU.ActiveCfg = Release|Any CPU
		{47C0D826-8232-4D36-8456-9EBB7196A5B5}.Release|Any CPU.Build.0 = Release|Any CPU
	EndGlobalSection
	GlobalSection(SolutionProperties) = preSolution
		HideSolutionNode = FALSE
	EndGlobalSection
	GlobalSection(ExtensibilityGlobals) = postSolution
		SolutionGuid = {EE4638C3-4CE5-477B-8B37-02DAAB9790DE}
	EndGlobalSection
EndGlobal
