
Microsoft Visual Studio Solution File, Format Version 12.00
# Visual Studio Version 17
VisualStudioVersion = 17.9.34728.123
MinimumVisualStudioVersion = 10.0.40219.1
Project("{FAE04EC0-301F-11D3-BF4B-00C04F79EFBC}") = "Exception_3", "Exception_3.csproj", "{1D1708D7-AA3B-423D-9BDE-BA7410EE9511}"
EndProject
Global
	GlobalSection(SolutionConfigurationPlatforms) = preSolution
		Debug|Any CPU = Debug|Any CPU
		Release|Any CPU = Release|Any CPU
	EndGlobalSection
	GlobalSection(ProjectConfigurationPlatforms) = postSolution
		{1D1708D7-AA3B-423D-9BDE-BA7410EE9511}.Debug|Any CPU.ActiveCfg = Debug|Any CPU
		{1D1708D7-AA3B-423D-9BDE-BA7410EE9511}.Debug|Any CPU.Build.0 = Debug|Any CPU
		{1D1708D7-AA3B-423D-9BDE-BA7410EE9511}.Release|Any CPU.ActiveCfg = Release|Any CPU
		{1D1708D7-AA3B-423D-9BDE-BA7410EE9511}.Release|Any CPU.Build.0 = Release|Any CPU
	EndGlobalSection
	GlobalSection(SolutionProperties) = preSolution
		HideSolutionNode = FALSE
	EndGlobalSection
	GlobalSection(ExtensibilityGlobals) = postSolution
		SolutionGuid = {EB9D940F-4BE1-4950-AD5C-C44B6BB8BE1B}
	EndGlobalSection
EndGlobal
