
Microsoft Visual Studio Solution File, Format Version 12.00
# Visual Studio Version 17
VisualStudioVersion = 17.5.33530.505
MinimumVisualStudioVersion = 10.0.40219.1
Project("{FAE04EC0-301F-11D3-BF4B-00C04F79EFBC}") = "Math Power", "Math Power.csproj", "{5B23F413-A722-4A1F-8A97-9BC3301132F1}"
EndProject
Global
	GlobalSection(SolutionConfigurationPlatforms) = preSolution
		Debug|Any CPU = Debug|Any CPU
		Release|Any CPU = Release|Any CPU
	EndGlobalSection
	GlobalSection(ProjectConfigurationPlatforms) = postSolution
		{5B23F413-A722-4A1F-8A97-9BC3301132F1}.Debug|Any CPU.ActiveCfg = Debug|Any CPU
		{5B23F413-A722-4A1F-8A97-9BC3301132F1}.Debug|Any CPU.Build.0 = Debug|Any CPU
		{5B23F413-A722-4A1F-8A97-9BC3301132F1}.Release|Any CPU.ActiveCfg = Release|Any CPU
		{5B23F413-A722-4A1F-8A97-9BC3301132F1}.Release|Any CPU.Build.0 = Release|Any CPU
	EndGlobalSection
	GlobalSection(SolutionProperties) = preSolution
		HideSolutionNode = FALSE
	EndGlobalSection
	GlobalSection(ExtensibilityGlobals) = postSolution
		SolutionGuid = {6828B3D0-3CA2-498F-8E71-19926D78442D}
	EndGlobalSection
EndGlobal
