
Microsoft Visual Studio Solution File, Format Version 12.00
# Visual Studio Version 17
VisualStudioVersion = 17.9.34728.123
MinimumVisualStudioVersion = 10.0.40219.1
Project("{FAE04EC0-301F-11D3-BF4B-00C04F79EFBC}") = "Rectangle Intersection", "Rectangle Intersection.csproj", "{FCECFFAD-2003-4DB8-81CE-BE245E03C111}"
EndProject
Global
	GlobalSection(SolutionConfigurationPlatforms) = preSolution
		Debug|Any CPU = Debug|Any CPU
		Release|Any CPU = Release|Any CPU
	EndGlobalSection
	GlobalSection(ProjectConfigurationPlatforms) = postSolution
		{FCECFFAD-2003-4DB8-81CE-BE245E03C111}.Debug|Any CPU.ActiveCfg = Debug|Any CPU
		{FCECFFAD-2003-4DB8-81CE-BE245E03C111}.Debug|Any CPU.Build.0 = Debug|Any CPU
		{FCECFFAD-2003-4DB8-81CE-BE245E03C111}.Release|Any CPU.ActiveCfg = Release|Any CPU
		{FCECFFAD-2003-4DB8-81CE-BE245E03C111}.Release|Any CPU.Build.0 = Release|Any CPU
	EndGlobalSection
	GlobalSection(SolutionProperties) = preSolution
		HideSolutionNode = FALSE
	EndGlobalSection
	GlobalSection(ExtensibilityGlobals) = postSolution
		SolutionGuid = {A34ED1E4-8C5F-4753-9BAA-4D975738F14F}
	EndGlobalSection
EndGlobal
