
Microsoft Visual Studio Solution File, Format Version 12.00
# Visual Studio Version 17
VisualStudioVersion = 17.9.34728.123
MinimumVisualStudioVersion = 10.0.40219.1
Project("{FAE04EC0-301F-11D3-BF4B-00C04F79EFBC}") = "My Secret Folder", "My Secret Folder.csproj", "{56BD4C40-25E6-4EC5-B3ED-1981A817BBB7}"
EndProject
Global
	GlobalSection(SolutionConfigurationPlatforms) = preSolution
		Debug|Any CPU = Debug|Any CPU
		Release|Any CPU = Release|Any CPU
	EndGlobalSection
	GlobalSection(ProjectConfigurationPlatforms) = postSolution
		{56BD4C40-25E6-4EC5-B3ED-1981A817BBB7}.Debug|Any CPU.ActiveCfg = Debug|Any CPU
		{56BD4C40-25E6-4EC5-B3ED-1981A817BBB7}.Debug|Any CPU.Build.0 = Debug|Any CPU
		{56BD4C40-25E6-4EC5-B3ED-1981A817BBB7}.Release|Any CPU.ActiveCfg = Release|Any CPU
		{56BD4C40-25E6-4EC5-B3ED-1981A817BBB7}.Release|Any CPU.Build.0 = Release|Any CPU
	EndGlobalSection
	GlobalSection(SolutionProperties) = preSolution
		HideSolutionNode = FALSE
	EndGlobalSection
	GlobalSection(ExtensibilityGlobals) = postSolution
		SolutionGuid = {04B6FA75-46BA-4743-9082-4475AE8B8E44}
	EndGlobalSection
EndGlobal
