
Microsoft Visual Studio Solution File, Format Version 12.00
# Visual Studio Version 17
VisualStudioVersion = 17.9.34728.123
MinimumVisualStudioVersion = 10.0.40219.1
Project("{FAE04EC0-301F-11D3-BF4B-00C04F79EFBC}") = "Telephony", "Telephony.csproj", "{6A4D022D-707E-4FB4-974A-D1DDF2B392CA}"
EndProject
Global
	GlobalSection(SolutionConfigurationPlatforms) = preSolution
		Debug|Any CPU = Debug|Any CPU
		Release|Any CPU = Release|Any CPU
	EndGlobalSection
	GlobalSection(ProjectConfigurationPlatforms) = postSolution
		{6A4D022D-707E-4FB4-974A-D1DDF2B392CA}.Debug|Any CPU.ActiveCfg = Debug|Any CPU
		{6A4D022D-707E-4FB4-974A-D1DDF2B392CA}.Debug|Any CPU.Build.0 = Debug|Any CPU
		{6A4D022D-707E-4FB4-974A-D1DDF2B392CA}.Release|Any CPU.ActiveCfg = Release|Any CPU
		{6A4D022D-707E-4FB4-974A-D1DDF2B392CA}.Release|Any CPU.Build.0 = Release|Any CPU
	EndGlobalSection
	GlobalSection(SolutionProperties) = preSolution
		HideSolutionNode = FALSE
	EndGlobalSection
	GlobalSection(ExtensibilityGlobals) = postSolution
		SolutionGuid = {7F2DCD68-1511-4AD1-B6A7-67B0E073B8BF}
	EndGlobalSection
EndGlobal
