
Microsoft Visual Studio Solution File, Format Version 12.00
# Visual Studio Version 17
VisualStudioVersion = 17.9.34728.123
MinimumVisualStudioVersion = 10.0.40219.1
Project("{FAE04EC0-301F-11D3-BF4B-00C04F79EFBC}") = "WildFarm", "WildFarm.csproj", "{F71A48C3-5D25-4EFD-8033-55C19A97BEA8}"
EndProject
Global
	GlobalSection(SolutionConfigurationPlatforms) = preSolution
		Debug|Any CPU = Debug|Any CPU
		Release|Any CPU = Release|Any CPU
	EndGlobalSection
	GlobalSection(ProjectConfigurationPlatforms) = postSolution
		{F71A48C3-5D25-4EFD-8033-55C19A97BEA8}.Debug|Any CPU.ActiveCfg = Debug|Any CPU
		{F71A48C3-5D25-4EFD-8033-55C19A97BEA8}.Debug|Any CPU.Build.0 = Debug|Any CPU
		{F71A48C3-5D25-4EFD-8033-55C19A97BEA8}.Release|Any CPU.ActiveCfg = Release|Any CPU
		{F71A48C3-5D25-4EFD-8033-55C19A97BEA8}.Release|Any CPU.Build.0 = Release|Any CPU
	EndGlobalSection
	GlobalSection(SolutionProperties) = preSolution
		HideSolutionNode = FALSE
	EndGlobalSection
	GlobalSection(ExtensibilityGlobals) = postSolution
		SolutionGuid = {F64E6BE7-08F6-4E4F-8F32-E3C692018241}
	EndGlobalSection
EndGlobal
