
Microsoft Visual Studio Solution File, Format Version 12.00
# Visual Studio Version 17
VisualStudioVersion = 17.5.33530.505
MinimumVisualStudioVersion = 10.0.40219.1
Project("{FAE04EC0-301F-11D3-BF4B-00C04F79EFBC}") = "Product Shop", "Product Shop.csproj", "{30FF0C92-8B6E-4516-B5B7-A11FCF97AC04}"
EndProject
Global
	GlobalSection(SolutionConfigurationPlatforms) = preSolution
		Debug|Any CPU = Debug|Any CPU
		Release|Any CPU = Release|Any CPU
	EndGlobalSection
	GlobalSection(ProjectConfigurationPlatforms) = postSolution
		{30FF0C92-8B6E-4516-B5B7-A11FCF97AC04}.Debug|Any CPU.ActiveCfg = Debug|Any CPU
		{30FF0C92-8B6E-4516-B5B7-A11FCF97AC04}.Debug|Any CPU.Build.0 = Debug|Any CPU
		{30FF0C92-8B6E-4516-B5B7-A11FCF97AC04}.Release|Any CPU.ActiveCfg = Release|Any CPU
		{30FF0C92-8B6E-4516-B5B7-A11FCF97AC04}.Release|Any CPU.Build.0 = Release|Any CPU
	EndGlobalSection
	GlobalSection(SolutionProperties) = preSolution
		HideSolutionNode = FALSE
	EndGlobalSection
	GlobalSection(ExtensibilityGlobals) = postSolution
		SolutionGuid = {4C19C6EF-1981-41C8-BEC4-037F9639D460}
	EndGlobalSection
EndGlobal
