
Microsoft Visual Studio Solution File, Format Version 12.00
# Visual Studio Version 17
VisualStudioVersion = 17.5.33530.505
MinimumVisualStudioVersion = 10.0.40219.1
Project("{FAE04EC0-301F-11D3-BF4B-00C04F79EFBC}") = "Reverse Array of Strings", "Reverse Array of Strings.csproj", "{85CDA0CC-35E7-4081-BF46-BFABB841EC64}"
EndProject
Global
	GlobalSection(SolutionConfigurationPlatforms) = preSolution
		Debug|Any CPU = Debug|Any CPU
		Release|Any CPU = Release|Any CPU
	EndGlobalSection
	GlobalSection(ProjectConfigurationPlatforms) = postSolution
		{85CDA0CC-35E7-4081-BF46-BFABB841EC64}.Debug|Any CPU.ActiveCfg = Debug|Any CPU
		{85CDA0CC-35E7-4081-BF46-BFABB841EC64}.Debug|Any CPU.Build.0 = Debug|Any CPU
		{85CDA0CC-35E7-4081-BF46-BFABB841EC64}.Release|Any CPU.ActiveCfg = Release|Any CPU
		{85CDA0CC-35E7-4081-BF46-BFABB841EC64}.Release|Any CPU.Build.0 = Release|Any CPU
	EndGlobalSection
	GlobalSection(SolutionProperties) = preSolution
		HideSolutionNode = FALSE
	EndGlobalSection
	GlobalSection(ExtensibilityGlobals) = postSolution
		SolutionGuid = {6BFC9EF0-43CC-4794-987A-055418BC432D}
	EndGlobalSection
EndGlobal
