
Microsoft Visual Studio Solution File, Format Version 12.00
# Visual Studio Version 17
VisualStudioVersion = 17.5.33530.505
MinimumVisualStudioVersion = 10.0.40219.1
Project("{FAE04EC0-301F-11D3-BF4B-00C04F79EFBC}") = "Array Rotation", "Array Rotation.csproj", "{10918856-1934-44BF-A00D-FA3234A25EE5}"
EndProject
Global
	GlobalSection(SolutionConfigurationPlatforms) = preSolution
		Debug|Any CPU = Debug|Any CPU
		Release|Any CPU = Release|Any CPU
	EndGlobalSection
	GlobalSection(ProjectConfigurationPlatforms) = postSolution
		{10918856-1934-44BF-A00D-FA3234A25EE5}.Debug|Any CPU.ActiveCfg = Debug|Any CPU
		{10918856-1934-44BF-A00D-FA3234A25EE5}.Debug|Any CPU.Build.0 = Debug|Any CPU
		{10918856-1934-44BF-A00D-FA3234A25EE5}.Release|Any CPU.ActiveCfg = Release|Any CPU
		{10918856-1934-44BF-A00D-FA3234A25EE5}.Release|Any CPU.Build.0 = Release|Any CPU
	EndGlobalSection
	GlobalSection(SolutionProperties) = preSolution
		HideSolutionNode = FALSE
	EndGlobalSection
	GlobalSection(ExtensibilityGlobals) = postSolution
		SolutionGuid = {124C5EBD-7371-4DFB-BA0B-029907D756F0}
	EndGlobalSection
EndGlobal
