
Microsoft Visual Studio Solution File, Format Version 12.00
# Visual Studio Version 17
VisualStudioVersion = 17.5.33530.505
MinimumVisualStudioVersion = 10.0.40219.1
Project("{FAE04EC0-301F-11D3-BF4B-00C04F79EFBC}") = "Word Filter", "Word Filter.csproj", "{356C4FDD-5E2E-41DE-899A-C4228F1126D8}"
EndProject
Global
	GlobalSection(SolutionConfigurationPlatforms) = preSolution
		Debug|Any CPU = Debug|Any CPU
		Release|Any CPU = Release|Any CPU
	EndGlobalSection
	GlobalSection(ProjectConfigurationPlatforms) = postSolution
		{356C4FDD-5E2E-41DE-899A-C4228F1126D8}.Debug|Any CPU.ActiveCfg = Debug|Any CPU
		{356C4FDD-5E2E-41DE-899A-C4228F1126D8}.Debug|Any CPU.Build.0 = Debug|Any CPU
		{356C4FDD-5E2E-41DE-899A-C4228F1126D8}.Release|Any CPU.ActiveCfg = Release|Any CPU
		{356C4FDD-5E2E-41DE-899A-C4228F1126D8}.Release|Any CPU.Build.0 = Release|Any CPU
	EndGlobalSection
	GlobalSection(SolutionProperties) = preSolution
		HideSolutionNode = FALSE
	EndGlobalSection
	GlobalSection(ExtensibilityGlobals) = postSolution
		SolutionGuid = {03720E2B-F01B-4EDD-BE91-D0990CE1ED67}
	EndGlobalSection
EndGlobal
