
Microsoft Visual Studio Solution File, Format Version 12.00
# Visual Studio Version 17
VisualStudioVersion = 17.5.33530.505
MinimumVisualStudioVersion = 10.0.40219.1
Project("{FAE04EC0-301F-11D3-BF4B-00C04F79EFBC}") = "Simple Calculator", "Simple Calculator.csproj", "{BDB32632-FB2E-4568-9763-A55C58468661}"
EndProject
Global
	GlobalSection(SolutionConfigurationPlatforms) = preSolution
		Debug|Any CPU = Debug|Any CPU
		Release|Any CPU = Release|Any CPU
	EndGlobalSection
	GlobalSection(ProjectConfigurationPlatforms) = postSolution
		{BDB32632-FB2E-4568-9763-A55C58468661}.Debug|Any CPU.ActiveCfg = Debug|Any CPU
		{BDB32632-FB2E-4568-9763-A55C58468661}.Debug|Any CPU.Build.0 = Debug|Any CPU
		{BDB32632-FB2E-4568-9763-A55C58468661}.Release|Any CPU.ActiveCfg = Release|Any CPU
		{BDB32632-FB2E-4568-9763-A55C58468661}.Release|Any CPU.Build.0 = Release|Any CPU
	EndGlobalSection
	GlobalSection(SolutionProperties) = preSolution
		HideSolutionNode = FALSE
	EndGlobalSection
	GlobalSection(ExtensibilityGlobals) = postSolution
		SolutionGuid = {17FD52BD-B2F8-430B-AE14-4F9AC918C84D}
	EndGlobalSection
EndGlobal
