
Microsoft Visual Studio Solution File, Format Version 12.00
# Visual Studio Version 17
VisualStudioVersion = 17.5.33530.505
MinimumVisualStudioVersion = 10.0.40219.1
Project("{FAE04EC0-301F-11D3-BF4B-00C04F79EFBC}") = "Man-O-War", "Man-O-War.csproj", "{9403B112-BA97-4368-B078-7CAE8E0176A7}"
EndProject
Global
	GlobalSection(SolutionConfigurationPlatforms) = preSolution
		Debug|Any CPU = Debug|Any CPU
		Release|Any CPU = Release|Any CPU
	EndGlobalSection
	GlobalSection(ProjectConfigurationPlatforms) = postSolution
		{9403B112-BA97-4368-B078-7CAE8E0176A7}.Debug|Any CPU.ActiveCfg = Debug|Any CPU
		{9403B112-BA97-4368-B078-7CAE8E0176A7}.Debug|Any CPU.Build.0 = Debug|Any CPU
		{9403B112-BA97-4368-B078-7CAE8E0176A7}.Release|Any CPU.ActiveCfg = Release|Any CPU
		{9403B112-BA97-4368-B078-7CAE8E0176A7}.Release|Any CPU.Build.0 = Release|Any CPU
	EndGlobalSection
	GlobalSection(SolutionProperties) = preSolution
		HideSolutionNode = FALSE
	EndGlobalSection
	GlobalSection(ExtensibilityGlobals) = postSolution
		SolutionGuid = {1E2F80E1-8369-4617-902B-FAECF259C290}
	EndGlobalSection
EndGlobal
