
Microsoft Visual Studio Solution File, Format Version 12.00
# Visual Studio Version 17
VisualStudioVersion = 17.9.34728.123
MinimumVisualStudioVersion = 10.0.40219.1
Project("{FAE04EC0-301F-11D3-BF4B-00C04F79EFBC}") = "FootballTeamGenerator", "FootballTeamGenerator.csproj", "{BE972FA7-06E2-4A15-BF5B-69D39E26583E}"
EndProject
Global
	GlobalSection(SolutionConfigurationPlatforms) = preSolution
		Debug|Any CPU = Debug|Any CPU
		Release|Any CPU = Release|Any CPU
	EndGlobalSection
	GlobalSection(ProjectConfigurationPlatforms) = postSolution
		{BE972FA7-06E2-4A15-BF5B-69D39E26583E}.Debug|Any CPU.ActiveCfg = Debug|Any CPU
		{BE972FA7-06E2-4A15-BF5B-69D39E26583E}.Debug|Any CPU.Build.0 = Debug|Any CPU
		{BE972FA7-06E2-4A15-BF5B-69D39E26583E}.Release|Any CPU.ActiveCfg = Release|Any CPU
		{BE972FA7-06E2-4A15-BF5B-69D39E26583E}.Release|Any CPU.Build.0 = Release|Any CPU
	EndGlobalSection
	GlobalSection(SolutionProperties) = preSolution
		HideSolutionNode = FALSE
	EndGlobalSection
	GlobalSection(ExtensibilityGlobals) = postSolution
		SolutionGuid = {D1761632-DCE6-446B-8238-7E5A37C6BD3F}
	EndGlobalSection
EndGlobal
