
Microsoft Visual Studio Solution File, Format Version 12.00
# Visual Studio Version 17
VisualStudioVersion = 17.5.33530.505
MinimumVisualStudioVersion = 10.0.40219.1
Project("{FAE04EC0-301F-11D3-BF4B-00C04F79EFBC}") = "Sum Numbers", "Sum Numbers.csproj", "{9BA736A5-98E5-4225-A025-9893E67EF328}"
EndProject
Global
	GlobalSection(SolutionConfigurationPlatforms) = preSolution
		Debug|Any CPU = Debug|Any CPU
		Release|Any CPU = Release|Any CPU
	EndGlobalSection
	GlobalSection(ProjectConfigurationPlatforms) = postSolution
		{9BA736A5-98E5-4225-A025-9893E67EF328}.Debug|Any CPU.ActiveCfg = Debug|Any CPU
		{9BA736A5-98E5-4225-A025-9893E67EF328}.Debug|Any CPU.Build.0 = Debug|Any CPU
		{9BA736A5-98E5-4225-A025-9893E67EF328}.Release|Any CPU.ActiveCfg = Release|Any CPU
		{9BA736A5-98E5-4225-A025-9893E67EF328}.Release|Any CPU.Build.0 = Release|Any CPU
	EndGlobalSection
	GlobalSection(SolutionProperties) = preSolution
		HideSolutionNode = FALSE
	EndGlobalSection
	GlobalSection(ExtensibilityGlobals) = postSolution
		SolutionGuid = {163A02A5-7F87-4D99-81E1-C901995C3AC0}
	EndGlobalSection
EndGlobal
