
Microsoft Visual Studio Solution File, Format Version 12.00
# Visual Studio Version 17
VisualStudioVersion = 17.5.33530.505
MinimumVisualStudioVersion = 10.0.40219.1
Project("{FAE04EC0-301F-11D3-BF4B-00C04F79EFBC}") = "Student Data", "Student Data.csproj", "{62DA4C7E-6760-4666-8B3E-09BA6D180C25}"
EndProject
Global
	GlobalSection(SolutionConfigurationPlatforms) = preSolution
		Debug|Any CPU = Debug|Any CPU
		Release|Any CPU = Release|Any CPU
	EndGlobalSection
	GlobalSection(ProjectConfigurationPlatforms) = postSolution
		{62DA4C7E-6760-4666-8B3E-09BA6D180C25}.Debug|Any CPU.ActiveCfg = Debug|Any CPU
		{62DA4C7E-6760-4666-8B3E-09BA6D180C25}.Debug|Any CPU.Build.0 = Debug|Any CPU
		{62DA4C7E-6760-4666-8B3E-09BA6D180C25}.Release|Any CPU.ActiveCfg = Release|Any CPU
		{62DA4C7E-6760-4666-8B3E-09BA6D180C25}.Release|Any CPU.Build.0 = Release|Any CPU
	EndGlobalSection
	GlobalSection(SolutionProperties) = preSolution
		HideSolutionNode = FALSE
	EndGlobalSection
	GlobalSection(ExtensibilityGlobals) = postSolution
		SolutionGuid = {94889CE1-255D-4C8A-BA3C-AE2446D78DDA}
	EndGlobalSection
EndGlobal
