
Microsoft Visual Studio Solution File, Format Version 12.00
# Visual Studio Version 17
VisualStudioVersion = 17.5.33530.505
MinimumVisualStudioVersion = 10.0.40219.1
Project("{FAE04EC0-301F-11D3-BF4B-00C04F79EFBC}") = "Balanced Parenthesis", "Balanced Parenthesis.csproj", "{FA4625F2-7D1D-4E05-9948-9F864E1E8AA4}"
EndProject
Global
	GlobalSection(SolutionConfigurationPlatforms) = preSolution
		Debug|Any CPU = Debug|Any CPU
		Release|Any CPU = Release|Any CPU
	EndGlobalSection
	GlobalSection(ProjectConfigurationPlatforms) = postSolution
		{FA4625F2-7D1D-4E05-9948-9F864E1E8AA4}.Debug|Any CPU.ActiveCfg = Debug|Any CPU
		{FA4625F2-7D1D-4E05-9948-9F864E1E8AA4}.Debug|Any CPU.Build.0 = Debug|Any CPU
		{FA4625F2-7D1D-4E05-9948-9F864E1E8AA4}.Release|Any CPU.ActiveCfg = Release|Any CPU
		{FA4625F2-7D1D-4E05-9948-9F864E1E8AA4}.Release|Any CPU.Build.0 = Release|Any CPU
	EndGlobalSection
	GlobalSection(SolutionProperties) = preSolution
		HideSolutionNode = FALSE
	EndGlobalSection
	GlobalSection(ExtensibilityGlobals) = postSolution
		SolutionGuid = {C5D83E8B-B765-4E41-9C9B-E12A81FFD1F5}
	EndGlobalSection
EndGlobal
