
Microsoft Visual Studio Solution File, Format Version 12.00
# Visual Studio Version 17
VisualStudioVersion = 17.5.33530.505
MinimumVisualStudioVersion = 10.0.40219.1
Project("{FAE04EC0-301F-11D3-BF4B-00C04F79EFBC}") = "Company Users", "Company Users.csproj", "{B761FC69-9687-4419-8961-812B430BCB1C}"
EndProject
Global
	GlobalSection(SolutionConfigurationPlatforms) = preSolution
		Debug|Any CPU = Debug|Any CPU
		Release|Any CPU = Release|Any CPU
	EndGlobalSection
	GlobalSection(ProjectConfigurationPlatforms) = postSolution
		{B761FC69-9687-4419-8961-812B430BCB1C}.Debug|Any CPU.ActiveCfg = Debug|Any CPU
		{B761FC69-9687-4419-8961-812B430BCB1C}.Debug|Any CPU.Build.0 = Debug|Any CPU
		{B761FC69-9687-4419-8961-812B430BCB1C}.Release|Any CPU.ActiveCfg = Release|Any CPU
		{B761FC69-9687-4419-8961-812B430BCB1C}.Release|Any CPU.Build.0 = Release|Any CPU
	EndGlobalSection
	GlobalSection(SolutionProperties) = preSolution
		HideSolutionNode = FALSE
	EndGlobalSection
	GlobalSection(ExtensibilityGlobals) = postSolution
		SolutionGuid = {B82C580F-CFEB-4EFD-9525-76E2F518D15C}
	EndGlobalSection
EndGlobal
