
Microsoft Visual Studio Solution File, Format Version 12.00
# Visual Studio Version 17
VisualStudioVersion = 17.9.34728.123
MinimumVisualStudioVersion = 10.0.40219.1
Project("{FAE04EC0-301F-11D3-BF4B-00C04F79EFBC}") = "Randomize Words", "Randomize Words.csproj", "{D77576C2-C9E6-4658-95D1-64E1AA9F07CB}"
EndProject
Global
	GlobalSection(SolutionConfigurationPlatforms) = preSolution
		Debug|Any CPU = Debug|Any CPU
		Release|Any CPU = Release|Any CPU
	EndGlobalSection
	GlobalSection(ProjectConfigurationPlatforms) = postSolution
		{D77576C2-C9E6-4658-95D1-64E1AA9F07CB}.Debug|Any CPU.ActiveCfg = Debug|Any CPU
		{D77576C2-C9E6-4658-95D1-64E1AA9F07CB}.Debug|Any CPU.Build.0 = Debug|Any CPU
		{D77576C2-C9E6-4658-95D1-64E1AA9F07CB}.Release|Any CPU.ActiveCfg = Release|Any CPU
		{D77576C2-C9E6-4658-95D1-64E1AA9F07CB}.Release|Any CPU.Build.0 = Release|Any CPU
	EndGlobalSection
	GlobalSection(SolutionProperties) = preSolution
		HideSolutionNode = FALSE
	EndGlobalSection
	GlobalSection(ExtensibilityGlobals) = postSolution
		SolutionGuid = {BF5CF26D-6C6F-460D-988D-697763943D1E}
	EndGlobalSection
EndGlobal
