
Microsoft Visual Studio Solution File, Format Version 12.00
# Visual Studio Version 17
VisualStudioVersion = 17.5.33530.505
MinimumVisualStudioVersion = 10.0.40219.1
Project("{FAE04EC0-301F-11D3-BF4B-00C04F79EFBC}") = "Arrays - Lab", "Arrays - Lab.csproj", "{8D1D6F7E-40B3-4395-9097-EAF66DF163E5}"
EndProject
Global
	GlobalSection(SolutionConfigurationPlatforms) = preSolution
		Debug|Any CPU = Debug|Any CPU
		Release|Any CPU = Release|Any CPU
	EndGlobalSection
	GlobalSection(ProjectConfigurationPlatforms) = postSolution
		{8D1D6F7E-40B3-4395-9097-EAF66DF163E5}.Debug|Any CPU.ActiveCfg = Debug|Any CPU
		{8D1D6F7E-40B3-4395-9097-EAF66DF163E5}.Debug|Any CPU.Build.0 = Debug|Any CPU
		{8D1D6F7E-40B3-4395-9097-EAF66DF163E5}.Release|Any CPU.ActiveCfg = Release|Any CPU
		{8D1D6F7E-40B3-4395-9097-EAF66DF163E5}.Release|Any CPU.Build.0 = Release|Any CPU
	EndGlobalSection
	GlobalSection(SolutionProperties) = preSolution
		HideSolutionNode = FALSE
	EndGlobalSection
	GlobalSection(ExtensibilityGlobals) = postSolution
		SolutionGuid = {F024F902-BC7F-4EBE-AF98-DF824A9FC9A3}
	EndGlobalSection
EndGlobal
