
Microsoft Visual Studio Solution File, Format Version 12.00
# Visual Studio Version 17
VisualStudioVersion = 17.9.34728.123
MinimumVisualStudioVersion = 10.0.40219.1
Project("{FAE04EC0-301F-11D3-BF4B-00C04F79EFBC}") = "PizzaCalories", "PizzaCalories.csproj", "{0B7B8D73-F478-4473-B852-71386E06A462}"
EndProject
Global
	GlobalSection(SolutionConfigurationPlatforms) = preSolution
		Debug|Any CPU = Debug|Any CPU
		Release|Any CPU = Release|Any CPU
	EndGlobalSection
	GlobalSection(ProjectConfigurationPlatforms) = postSolution
		{0B7B8D73-F478-4473-B852-71386E06A462}.Debug|Any CPU.ActiveCfg = Debug|Any CPU
		{0B7B8D73-F478-4473-B852-71386E06A462}.Debug|Any CPU.Build.0 = Debug|Any CPU
		{0B7B8D73-F478-4473-B852-71386E06A462}.Release|Any CPU.ActiveCfg = Release|Any CPU
		{0B7B8D73-F478-4473-B852-71386E06A462}.Release|Any CPU.Build.0 = Release|Any CPU
	EndGlobalSection
	GlobalSection(SolutionProperties) = preSolution
		HideSolutionNode = FALSE
	EndGlobalSection
	GlobalSection(ExtensibilityGlobals) = postSolution
		SolutionGuid = {8C947681-AC5E-4781-8F22-FDB4668FBF80}
	EndGlobalSection
EndGlobal
