
Microsoft Visual Studio Solution File, Format Version 12.00
# Visual Studio Version 17
VisualStudioVersion = 17.5.33530.505
MinimumVisualStudioVersion = 10.0.40219.1
Project("{FAE04EC0-301F-11D3-BF4B-00C04F79EFBC}") = "Match Dates", "Match Dates.csproj", "{18420266-9DCC-4C5C-875D-0C23113910C2}"
EndProject
Global
	GlobalSection(SolutionConfigurationPlatforms) = preSolution
		Debug|Any CPU = Debug|Any CPU
		Release|Any CPU = Release|Any CPU
	EndGlobalSection
	GlobalSection(ProjectConfigurationPlatforms) = postSolution
		{18420266-9DCC-4C5C-875D-0C23113910C2}.Debug|Any CPU.ActiveCfg = Debug|Any CPU
		{18420266-9DCC-4C5C-875D-0C23113910C2}.Debug|Any CPU.Build.0 = Debug|Any CPU
		{18420266-9DCC-4C5C-875D-0C23113910C2}.Release|Any CPU.ActiveCfg = Release|Any CPU
		{18420266-9DCC-4C5C-875D-0C23113910C2}.Release|Any CPU.Build.0 = Release|Any CPU
	EndGlobalSection
	GlobalSection(SolutionProperties) = preSolution
		HideSolutionNode = FALSE
	EndGlobalSection
	GlobalSection(ExtensibilityGlobals) = postSolution
		SolutionGuid = {A8970DC3-8AFD-46B9-B0FF-2EF6A8B19E2E}
	EndGlobalSection
EndGlobal
