
Microsoft Visual Studio Solution File, Format Version 12.00
# Visual Studio Version 17
VisualStudioVersion = 17.9.34728.123
MinimumVisualStudioVersion = 10.0.40219.1
Project("{FAE04EC0-301F-11D3-BF4B-00C04F79EFBC}") = "PersonInfo.", "..\PersonInfo\PersonInfo..csproj", "{111A16BB-82EA-400A-9B86-9D515EC90DEF}"
EndProject
Global
	GlobalSection(SolutionConfigurationPlatforms) = preSolution
		Debug|Any CPU = Debug|Any CPU
		Release|Any CPU = Release|Any CPU
	EndGlobalSection
	GlobalSection(ProjectConfigurationPlatforms) = postSolution
		{111A16BB-82EA-400A-9B86-9D515EC90DEF}.Debug|Any CPU.ActiveCfg = Debug|Any CPU
		{111A16BB-82EA-400A-9B86-9D515EC90DEF}.Debug|Any CPU.Build.0 = Debug|Any CPU
		{111A16BB-82EA-400A-9B86-9D515EC90DEF}.Release|Any CPU.ActiveCfg = Release|Any CPU
		{111A16BB-82EA-400A-9B86-9D515EC90DEF}.Release|Any CPU.Build.0 = Release|Any CPU
	EndGlobalSection
	GlobalSection(SolutionProperties) = preSolution
		HideSolutionNode = FALSE
	EndGlobalSection
	GlobalSection(ExtensibilityGlobals) = postSolution
		SolutionGuid = {E170C2C9-06C1-45AC-982B-6297183DE9D2}
	EndGlobalSection
EndGlobal
