
Microsoft Visual Studio Solution File, Format Version 12.00
# Visual Studio Version 17
VisualStudioVersion = 17.5.33530.505
MinimumVisualStudioVersion = 10.0.40219.1
Project("{FAE04EC0-301F-11D3-BF4B-00C04F79EFBC}") = "Truck Tour", "Truck Tour.csproj", "{509D46B2-7185-455A-9BE2-3932096552C1}"
EndProject
Global
	GlobalSection(SolutionConfigurationPlatforms) = preSolution
		Debug|Any CPU = Debug|Any CPU
		Release|Any CPU = Release|Any CPU
	EndGlobalSection
	GlobalSection(ProjectConfigurationPlatforms) = postSolution
		{509D46B2-7185-455A-9BE2-3932096552C1}.Debug|Any CPU.ActiveCfg = Debug|Any CPU
		{509D46B2-7185-455A-9BE2-3932096552C1}.Debug|Any CPU.Build.0 = Debug|Any CPU
		{509D46B2-7185-455A-9BE2-3932096552C1}.Release|Any CPU.ActiveCfg = Release|Any CPU
		{509D46B2-7185-455A-9BE2-3932096552C1}.Release|Any CPU.Build.0 = Release|Any CPU
	EndGlobalSection
	GlobalSection(SolutionProperties) = preSolution
		HideSolutionNode = FALSE
	EndGlobalSection
	GlobalSection(ExtensibilityGlobals) = postSolution
		SolutionGuid = {F9FAEC93-53B6-4CBC-A7BF-1200831F0EC8}
	EndGlobalSection
EndGlobal
