
Microsoft Visual Studio Solution File, Format Version 12.00
# Visual Studio Version 17
VisualStudioVersion = 17.9.34728.123
MinimumVisualStudioVersion = 10.0.40219.1
Project("{FAE04EC0-301F-11D3-BF4B-00C04F79EFBC}") = "Pokemon Trainer", "Pokemon Trainer.csproj", "{335FBFE4-BD42-465F-B7DA-A1E52F6EDF8E}"
EndProject
Global
	GlobalSection(SolutionConfigurationPlatforms) = preSolution
		Debug|Any CPU = Debug|Any CPU
		Release|Any CPU = Release|Any CPU
	EndGlobalSection
	GlobalSection(ProjectConfigurationPlatforms) = postSolution
		{335FBFE4-BD42-465F-B7DA-A1E52F6EDF8E}.Debug|Any CPU.ActiveCfg = Debug|Any CPU
		{335FBFE4-BD42-465F-B7DA-A1E52F6EDF8E}.Debug|Any CPU.Build.0 = Debug|Any CPU
		{335FBFE4-BD42-465F-B7DA-A1E52F6EDF8E}.Release|Any CPU.ActiveCfg = Release|Any CPU
		{335FBFE4-BD42-465F-B7DA-A1E52F6EDF8E}.Release|Any CPU.Build.0 = Release|Any CPU
	EndGlobalSection
	GlobalSection(SolutionProperties) = preSolution
		HideSolutionNode = FALSE
	EndGlobalSection
	GlobalSection(ExtensibilityGlobals) = postSolution
		SolutionGuid = {DEFCA92C-CD35-47AB-9E65-F422E3953621}
	EndGlobalSection
EndGlobal
