
Microsoft Visual Studio Solution File, Format Version 12.00
# Visual Studio Version 17
VisualStudioVersion = 17.9.34728.123
MinimumVisualStudioVersion = 10.0.40219.1
Project("{FAE04EC0-301F-11D3-BF4B-00C04F79EFBC}") = "Company Roster", "Company Roster.csproj", "{1C5979F0-1759-4E30-ACC1-E2A63A15BBA1}"
EndProject
Global
	GlobalSection(SolutionConfigurationPlatforms) = preSolution
		Debug|Any CPU = Debug|Any CPU
		Release|Any CPU = Release|Any CPU
	EndGlobalSection
	GlobalSection(ProjectConfigurationPlatforms) = postSolution
		{1C5979F0-1759-4E30-ACC1-E2A63A15BBA1}.Debug|Any CPU.ActiveCfg = Debug|Any CPU
		{1C5979F0-1759-4E30-ACC1-E2A63A15BBA1}.Debug|Any CPU.Build.0 = Debug|Any CPU
		{1C5979F0-1759-4E30-ACC1-E2A63A15BBA1}.Release|Any CPU.ActiveCfg = Release|Any CPU
		{1C5979F0-1759-4E30-ACC1-E2A63A15BBA1}.Release|Any CPU.Build.0 = Release|Any CPU
	EndGlobalSection
	GlobalSection(SolutionProperties) = preSolution
		HideSolutionNode = FALSE
	EndGlobalSection
	GlobalSection(ExtensibilityGlobals) = postSolution
		SolutionGuid = {5DFA2F5A-4213-4DFB-AEF8-004E06D6EDEA}
	EndGlobalSection
EndGlobal
