
Microsoft Visual Studio Solution File, Format Version 12.00
# Visual Studio Version 17
VisualStudioVersion = 17.5.33530.505
MinimumVisualStudioVersion = 10.0.40219.1
Project("{FAE04EC0-301F-11D3-BF4B-00C04F79EFBC}") = "Find Evens or Odds", "Find Evens or Odds.csproj", "{5490C91E-B648-4E48-9957-05DBEB3D5D6C}"
EndProject
Global
	GlobalSection(SolutionConfigurationPlatforms) = preSolution
		Debug|Any CPU = Debug|Any CPU
		Release|Any CPU = Release|Any CPU
	EndGlobalSection
	GlobalSection(ProjectConfigurationPlatforms) = postSolution
		{5490C91E-B648-4E48-9957-05DBEB3D5D6C}.Debug|Any CPU.ActiveCfg = Debug|Any CPU
		{5490C91E-B648-4E48-9957-05DBEB3D5D6C}.Debug|Any CPU.Build.0 = Debug|Any CPU
		{5490C91E-B648-4E48-9957-05DBEB3D5D6C}.Release|Any CPU.ActiveCfg = Release|Any CPU
		{5490C91E-B648-4E48-9957-05DBEB3D5D6C}.Release|Any CPU.Build.0 = Release|Any CPU
	EndGlobalSection
	GlobalSection(SolutionProperties) = preSolution
		HideSolutionNode = FALSE
	EndGlobalSection
	GlobalSection(ExtensibilityGlobals) = postSolution
		SolutionGuid = {B8A41D43-BAD7-451B-A405-8BA001B41B76}
	EndGlobalSection
EndGlobal
