
Microsoft Visual Studio Solution File, Format Version 12.00
# Visual Studio Version 17
VisualStudioVersion = 17.5.33530.505
MinimumVisualStudioVersion = 10.0.40219.1
Project("{FAE04EC0-301F-11D3-BF4B-00C04F79EFBC}") = "Monster Extermination", "Monster Extermination.csproj", "{F5320DE5-4135-4F17-9BDE-6902FD8E03F6}"
EndProject
Global
	GlobalSection(SolutionConfigurationPlatforms) = preSolution
		Debug|Any CPU = Debug|Any CPU
		Release|Any CPU = Release|Any CPU
	EndGlobalSection
	GlobalSection(ProjectConfigurationPlatforms) = postSolution
		{F5320DE5-4135-4F17-9BDE-6902FD8E03F6}.Debug|Any CPU.ActiveCfg = Debug|Any CPU
		{F5320DE5-4135-4F17-9BDE-6902FD8E03F6}.Debug|Any CPU.Build.0 = Debug|Any CPU
		{F5320DE5-4135-4F17-9BDE-6902FD8E03F6}.Release|Any CPU.ActiveCfg = Release|Any CPU
		{F5320DE5-4135-4F17-9BDE-6902FD8E03F6}.Release|Any CPU.Build.0 = Release|Any CPU
	EndGlobalSection
	GlobalSection(SolutionProperties) = preSolution
		HideSolutionNode = FALSE
	EndGlobalSection
	GlobalSection(ExtensibilityGlobals) = postSolution
		SolutionGuid = {1FE054F5-A8E3-4C67-856D-CF81D146A974}
	EndGlobalSection
EndGlobal
