
Microsoft Visual Studio Solution File, Format Version 12.00
# Visual Studio Version 17
VisualStudioVersion = 17.9.34728.123
MinimumVisualStudioVersion = 10.0.40219.1
Project("{FAE04EC0-301F-11D3-BF4B-00C04F79EFBC}") = "Rectangle Class", "Rectangle Class.csproj", "{0D8280AA-2783-4FE1-B3CE-04E1C595300F}"
EndProject
Global
	GlobalSection(SolutionConfigurationPlatforms) = preSolution
		Debug|Any CPU = Debug|Any CPU
		Release|Any CPU = Release|Any CPU
	EndGlobalSection
	GlobalSection(ProjectConfigurationPlatforms) = postSolution
		{0D8280AA-2783-4FE1-B3CE-04E1C595300F}.Debug|Any CPU.ActiveCfg = Debug|Any CPU
		{0D8280AA-2783-4FE1-B3CE-04E1C595300F}.Debug|Any CPU.Build.0 = Debug|Any CPU
		{0D8280AA-2783-4FE1-B3CE-04E1C595300F}.Release|Any CPU.ActiveCfg = Release|Any CPU
		{0D8280AA-2783-4FE1-B3CE-04E1C595300F}.Release|Any CPU.Build.0 = Release|Any CPU
	EndGlobalSection
	GlobalSection(SolutionProperties) = preSolution
		HideSolutionNode = FALSE
	EndGlobalSection
	GlobalSection(ExtensibilityGlobals) = postSolution
		SolutionGuid = {861FE378-2FFE-4563-81B9-1C5998B70F03}
	EndGlobalSection
EndGlobal
