
Microsoft Visual Studio Solution File, Format Version 12.00
# Visual Studio Version 17
VisualStudioVersion = 17.5.33530.505
MinimumVisualStudioVersion = 10.0.40219.1
Project("{FAE04EC0-301F-11D3-BF4B-00C04F79EFBC}") = "Supermarket", "Supermarket.csproj", "{6713FBC8-6F10-42EE-BA03-44C835810F49}"
EndProject
Global
	GlobalSection(SolutionConfigurationPlatforms) = preSolution
		Debug|Any CPU = Debug|Any CPU
		Release|Any CPU = Release|Any CPU
	EndGlobalSection
	GlobalSection(ProjectConfigurationPlatforms) = postSolution
		{6713FBC8-6F10-42EE-BA03-44C835810F49}.Debug|Any CPU.ActiveCfg = Debug|Any CPU
		{6713FBC8-6F10-42EE-BA03-44C835810F49}.Debug|Any CPU.Build.0 = Debug|Any CPU
		{6713FBC8-6F10-42EE-BA03-44C835810F49}.Release|Any CPU.ActiveCfg = Release|Any CPU
		{6713FBC8-6F10-42EE-BA03-44C835810F49}.Release|Any CPU.Build.0 = Release|Any CPU
	EndGlobalSection
	GlobalSection(SolutionProperties) = preSolution
		HideSolutionNode = FALSE
	EndGlobalSection
	GlobalSection(ExtensibilityGlobals) = postSolution
		SolutionGuid = {9BC8EA9B-FA63-4681-AC34-7449E8A7B05B}
	EndGlobalSection
EndGlobal
