
Microsoft Visual Studio Solution File, Format Version 12.00
# Visual Studio Version 17
VisualStudioVersion = 17.5.33530.505
MinimumVisualStudioVersion = 10.0.40219.1
Project("{FAE04EC0-301F-11D3-BF4B-00C04F79EFBC}") = "Even Times", "Even Times.csproj", "{A849A489-1839-463F-8B23-113BB65DCD82}"
EndProject
Global
	GlobalSection(SolutionConfigurationPlatforms) = preSolution
		Debug|Any CPU = Debug|Any CPU
		Release|Any CPU = Release|Any CPU
	EndGlobalSection
	GlobalSection(ProjectConfigurationPlatforms) = postSolution
		{A849A489-1839-463F-8B23-113BB65DCD82}.Debug|Any CPU.ActiveCfg = Debug|Any CPU
		{A849A489-1839-463F-8B23-113BB65DCD82}.Debug|Any CPU.Build.0 = Debug|Any CPU
		{A849A489-1839-463F-8B23-113BB65DCD82}.Release|Any CPU.ActiveCfg = Release|Any CPU
		{A849A489-1839-463F-8B23-113BB65DCD82}.Release|Any CPU.Build.0 = Release|Any CPU
	EndGlobalSection
	GlobalSection(SolutionProperties) = preSolution
		HideSolutionNode = FALSE
	EndGlobalSection
	GlobalSection(ExtensibilityGlobals) = postSolution
		SolutionGuid = {DA229A4C-CCCE-451E-BE2C-115985CA47BF}
	EndGlobalSection
EndGlobal
