
Microsoft Visual Studio Solution File, Format Version 12.00
# Visual Studio Version 17
VisualStudioVersion = 17.9.34728.123
MinimumVisualStudioVersion = 10.0.40219.1
Project("{FAE04EC0-301F-11D3-BF4B-00C04F79EFBC}") = "Class DeckOfCards", "Class DeckOfCards.csproj", "{BB885724-39F9-45F6-92C5-2BCC6D1DCFA3}"
EndProject
Global
	GlobalSection(SolutionConfigurationPlatforms) = preSolution
		Debug|Any CPU = Debug|Any CPU
		Release|Any CPU = Release|Any CPU
	EndGlobalSection
	GlobalSection(ProjectConfigurationPlatforms) = postSolution
		{BB885724-39F9-45F6-92C5-2BCC6D1DCFA3}.Debug|Any CPU.ActiveCfg = Debug|Any CPU
		{BB885724-39F9-45F6-92C5-2BCC6D1DCFA3}.Debug|Any CPU.Build.0 = Debug|Any CPU
		{BB885724-39F9-45F6-92C5-2BCC6D1DCFA3}.Release|Any CPU.ActiveCfg = Release|Any CPU
		{BB885724-39F9-45F6-92C5-2BCC6D1DCFA3}.Release|Any CPU.Build.0 = Release|Any CPU
	EndGlobalSection
	GlobalSection(SolutionProperties) = preSolution
		HideSolutionNode = FALSE
	EndGlobalSection
	GlobalSection(ExtensibilityGlobals) = postSolution
		SolutionGuid = {447F1FDF-B5A2-488D-ABC3-AFA90AB49940}
	EndGlobalSection
EndGlobal
