
Microsoft Visual Studio Solution File, Format Version 12.00
# Visual Studio Version 17
VisualStudioVersion = 17.5.33530.505
MinimumVisualStudioVersion = 10.0.40219.1
Project("{FAE04EC0-301F-11D3-BF4B-00C04F79EFBC}") = "Songs Queue", "Songs Queue.csproj", "{B5DBA212-4E68-47A2-9A28-C3E489DD46FD}"
EndProject
Global
	GlobalSection(SolutionConfigurationPlatforms) = preSolution
		Debug|Any CPU = Debug|Any CPU
		Release|Any CPU = Release|Any CPU
	EndGlobalSection
	GlobalSection(ProjectConfigurationPlatforms) = postSolution
		{B5DBA212-4E68-47A2-9A28-C3E489DD46FD}.Debug|Any CPU.ActiveCfg = Debug|Any CPU
		{B5DBA212-4E68-47A2-9A28-C3E489DD46FD}.Debug|Any CPU.Build.0 = Debug|Any CPU
		{B5DBA212-4E68-47A2-9A28-C3E489DD46FD}.Release|Any CPU.ActiveCfg = Release|Any CPU
		{B5DBA212-4E68-47A2-9A28-C3E489DD46FD}.Release|Any CPU.Build.0 = Release|Any CPU
	EndGlobalSection
	GlobalSection(SolutionProperties) = preSolution
		HideSolutionNode = FALSE
	EndGlobalSection
	GlobalSection(ExtensibilityGlobals) = postSolution
		SolutionGuid = {7CC067F2-4128-4BCE-BFBD-AA06D7A42EE7}
	EndGlobalSection
EndGlobal
