
Microsoft Visual Studio Solution File, Format Version 12.00
# Visual Studio Version 17
VisualStudioVersion = 17.5.33530.505
MinimumVisualStudioVersion = 10.0.40219.1
Project("{FAE04EC0-301F-11D3-BF4B-00C04F79EFBC}") = "git test", "git test.csproj", "{AD0C5E8A-A878-4E1A-98EA-DBDC26C98BCA}"
EndProject
Global
	GlobalSection(SolutionConfigurationPlatforms) = preSolution
		Debug|Any CPU = Debug|Any CPU
		Release|Any CPU = Release|Any CPU
	EndGlobalSection
	GlobalSection(ProjectConfigurationPlatforms) = postSolution
		{AD0C5E8A-A878-4E1A-98EA-DBDC26C98BCA}.Debug|Any CPU.ActiveCfg = Debug|Any CPU
		{AD0C5E8A-A878-4E1A-98EA-DBDC26C98BCA}.Debug|Any CPU.Build.0 = Debug|Any CPU
		{AD0C5E8A-A878-4E1A-98EA-DBDC26C98BCA}.Release|Any CPU.ActiveCfg = Release|Any CPU
		{AD0C5E8A-A878-4E1A-98EA-DBDC26C98BCA}.Release|Any CPU.Build.0 = Release|Any CPU
	EndGlobalSection
	GlobalSection(SolutionProperties) = preSolution
		HideSolutionNode = FALSE
	EndGlobalSection
	GlobalSection(ExtensibilityGlobals) = postSolution
		SolutionGuid = {DBC9F1F0-0A22-4735-AB84-1D1D01A5C782}
	EndGlobalSection
EndGlobal
