
Microsoft Visual Studio Solution File, Format Version 12.00
# Visual Studio Version 17
VisualStudioVersion = 17.5.33530.505
MinimumVisualStudioVersion = 10.0.40219.1
Project("{FAE04EC0-301F-11D3-BF4B-00C04F79EFBC}") = "Sum of Chars", "Sum of Chars.csproj", "{F1B19984-1248-4D33-9834-633E2BD8A6CC}"
EndProject
Global
	GlobalSection(SolutionConfigurationPlatforms) = preSolution
		Debug|Any CPU = Debug|Any CPU
		Release|Any CPU = Release|Any CPU
	EndGlobalSection
	GlobalSection(ProjectConfigurationPlatforms) = postSolution
		{F1B19984-1248-4D33-9834-633E2BD8A6CC}.Debug|Any CPU.ActiveCfg = Debug|Any CPU
		{F1B19984-1248-4D33-9834-633E2BD8A6CC}.Debug|Any CPU.Build.0 = Debug|Any CPU
		{F1B19984-1248-4D33-9834-633E2BD8A6CC}.Release|Any CPU.ActiveCfg = Release|Any CPU
		{F1B19984-1248-4D33-9834-633E2BD8A6CC}.Release|Any CPU.Build.0 = Release|Any CPU
	EndGlobalSection
	GlobalSection(SolutionProperties) = preSolution
		HideSolutionNode = FALSE
	EndGlobalSection
	GlobalSection(ExtensibilityGlobals) = postSolution
		SolutionGuid = {E710A1EE-47BF-44E3-9FF0-83A7D3B6BB85}
	EndGlobalSection
EndGlobal
