
Microsoft Visual Studio Solution File, Format Version 12.00
# Visual Studio Version 17
VisualStudioVersion = 17.5.33530.505
MinimumVisualStudioVersion = 10.0.40219.1
Project("{FAE04EC0-301F-11D3-BF4B-00C04F79EFBC}") = "Car Race", "Car Race.csproj", "{1E595092-90C9-46CA-A9C1-C90037709680}"
EndProject
Global
	GlobalSection(SolutionConfigurationPlatforms) = preSolution
		Debug|Any CPU = Debug|Any CPU
		Release|Any CPU = Release|Any CPU
	EndGlobalSection
	GlobalSection(ProjectConfigurationPlatforms) = postSolution
		{1E595092-90C9-46CA-A9C1-C90037709680}.Debug|Any CPU.ActiveCfg = Debug|Any CPU
		{1E595092-90C9-46CA-A9C1-C90037709680}.Debug|Any CPU.Build.0 = Debug|Any CPU
		{1E595092-90C9-46CA-A9C1-C90037709680}.Release|Any CPU.ActiveCfg = Release|Any CPU
		{1E595092-90C9-46CA-A9C1-C90037709680}.Release|Any CPU.Build.0 = Release|Any CPU
	EndGlobalSection
	GlobalSection(SolutionProperties) = preSolution
		HideSolutionNode = FALSE
	EndGlobalSection
	GlobalSection(ExtensibilityGlobals) = postSolution
		SolutionGuid = {244D0588-F3BA-4A8C-81E8-BC3AA26B27A4}
	EndGlobalSection
EndGlobal
